// !$*UTF8*$!
{
	archiveVersion = 1;
	classes = {
	};
	objectVersion = 46;
	objects = {

/* Begin PBXBuildFile section */
		960071421E0274EC00A3AC96 /* MainViewController.m in Sources */ = {isa = PBXBuildFile; fileRef = 960071391E0274EC00A3AC96 /* MainViewController.m */; };
		960071431E0274EC00A3AC96 /* HistoryViewController.m in Sources */ = {isa = PBXBuildFile; fileRef = 9600713B1E0274EC00A3AC96 /* HistoryViewController.m */; };
		960071441E0274EC00A3AC96 /* InviteViewController.m in Sources */ = {isa = PBXBuildFile; fileRef = 9600713D1E0274EC00A3AC96 /* InviteViewController.m */; };
		960071451E0274EC00A3AC96 /* SidebarTableViewController.m in Sources */ = {isa = PBXBuildFile; fileRef = 9600713F1E0274EC00A3AC96 /* SidebarTableViewController.m */; };
		960071461E0274EC00A3AC96 /* SWRevealViewController.m in Sources */ = {isa = PBXBuildFile; fileRef = 960071411E0274EC00A3AC96 /* SWRevealViewController.m */; };
		960071491E02750D00A3AC96 /* Home.storyboard in Resources */ = {isa = PBXBuildFile; fileRef = 960071471E02750D00A3AC96 /* Home.storyboard */; };
		9678BE641E03A04100ED2E7F /* FavoritesViewController.m in Sources */ = {isa = PBXBuildFile; fileRef = 9678BE611E03A04100ED2E7F /* FavoritesViewController.m */; };
		9678BE651E03A04100ED2E7F /* MyProfileViewController.m in Sources */ = {isa = PBXBuildFile; fileRef = 9678BE631E03A04100ED2E7F /* MyProfileViewController.m */; };
		D00400BA1E00D610000CA38E /* BaseRequest.m in Sources */ = {isa = PBXBuildFile; fileRef = D00400B91E00D610000CA38E /* BaseRequest.m */; };
		D00400C01E019662000CA38E /* MagicalRecord.framework in Frameworks */ = {isa = PBXBuildFile; fileRef = D00400BD1E019385000CA38E /* MagicalRecord.framework */; };
		D00400C11E019662000CA38E /* MagicalRecord.framework in Embed Frameworks */ = {isa = PBXBuildFile; fileRef = D00400BD1E019385000CA38E /* MagicalRecord.framework */; settings = {ATTRIBUTES = (CodeSignOnCopy, RemoveHeadersOnCopy, ); }; };
		D018E15F1DFF63870086DF02 /* main.m in Sources */ = {isa = PBXBuildFile; fileRef = D018E15E1DFF63870086DF02 /* main.m */; };
		D018E1621DFF63870086DF02 /* AppDelegate.m in Sources */ = {isa = PBXBuildFile; fileRef = D018E1611DFF63870086DF02 /* AppDelegate.m */; };
		D018E1651DFF63870086DF02 /* ViewController.m in Sources */ = {isa = PBXBuildFile; fileRef = D018E1641DFF63870086DF02 /* ViewController.m */; };
		D018E1681DFF63870086DF02 /* Main.storyboard in Resources */ = {isa = PBXBuildFile; fileRef = D018E1661DFF63870086DF02 /* Main.storyboard */; };
		D018E16A1DFF63870086DF02 /* Assets.xcassets in Resources */ = {isa = PBXBuildFile; fileRef = D018E1691DFF63870086DF02 /* Assets.xcassets */; };
		D018E16D1DFF63870086DF02 /* LaunchScreen.storyboard in Resources */ = {isa = PBXBuildFile; fileRef = D018E16B1DFF63870086DF02 /* LaunchScreen.storyboard */; };
		D018E1781DFF63870086DF02 /* MealpassTests.m in Sources */ = {isa = PBXBuildFile; fileRef = D018E1771DFF63870086DF02 /* MealpassTests.m */; };
		D018E1851DFF65F80086DF02 /* LoginControllerViewController.m in Sources */ = {isa = PBXBuildFile; fileRef = D018E1841DFF65F80086DF02 /* LoginControllerViewController.m */; };
		D018E18C1E0042E80086DF02 /* JSONModel.framework in Frameworks */ = {isa = PBXBuildFile; fileRef = D018E1891E003C690086DF02 /* JSONModel.framework */; };
		D018E18D1E0042E80086DF02 /* JSONModel.framework in Embed Frameworks */ = {isa = PBXBuildFile; fileRef = D018E1891E003C690086DF02 /* JSONModel.framework */; settings = {ATTRIBUTES = (CodeSignOnCopy, RemoveHeadersOnCopy, ); }; };
		D018E18E1E0042E80086DF02 /* AFNetworking.framework in Frameworks */ = {isa = PBXBuildFile; fileRef = D018E1871DFFA82D0086DF02 /* AFNetworking.framework */; };
		D018E18F1E0042E80086DF02 /* AFNetworking.framework in Embed Frameworks */ = {isa = PBXBuildFile; fileRef = D018E1871DFFA82D0086DF02 /* AFNetworking.framework */; settings = {ATTRIBUTES = (CodeSignOnCopy, RemoveHeadersOnCopy, ); }; };
		D018E1931E005D5A0086DF02 /* LoginRequest.m in Sources */ = {isa = PBXBuildFile; fileRef = D018E1921E005D5A0086DF02 /* LoginRequest.m */; };
		D018E1951E005E020086DF02 /* BaseRequestArgs.h in Sources */ = {isa = PBXBuildFile; fileRef = D018E1941E005E020086DF02 /* BaseRequestArgs.h */; };
		D018E1981E0073760086DF02 /* Account.h in Sources */ = {isa = PBXBuildFile; fileRef = D018E1971E0073760086DF02 /* Account.h */; };
		D0287CB31E00C08A00884F2C /* LoginRequestArgs.m in Sources */ = {isa = PBXBuildFile; fileRef = D0287CB21E00C08A00884F2C /* LoginRequestArgs.m */; };
		D0287CB91E00C85900884F2C /* Response.m in Sources */ = {isa = PBXBuildFile; fileRef = D0287CB81E00C85900884F2C /* Response.m */; };
		D03D408F1E0079D50006261F /* Account.m in Sources */ = {isa = PBXBuildFile; fileRef = D03D408E1E0079D50006261F /* Account.m */; };
		D03D40911E0079FA0006261F /* BaseRequestArgs.m in Sources */ = {isa = PBXBuildFile; fileRef = D03D40901E0079FA0006261F /* BaseRequestArgs.m */; };
		D03D409C1E00B29A0006261F /* LoadingAnimationView.m in Sources */ = {isa = PBXBuildFile; fileRef = D03D409A1E00B29A0006261F /* LoadingAnimationView.m */; };
		D03D409D1E00B29A0006261F /* LoadingAnimationView.xib in Resources */ = {isa = PBXBuildFile; fileRef = D03D409B1E00B29A0006261F /* LoadingAnimationView.xib */; };
		D04F3AD61E03BA48002391C7 /* GetMealsRequest.m in Sources */ = {isa = PBXBuildFile; fileRef = D04F3AC91E03BA48002391C7 /* GetMealsRequest.m */; };
		D04F3ADC1E03BA48002391C7 /* OrderMealRequest.m in Sources */ = {isa = PBXBuildFile; fileRef = D04F3AD41E03BA48002391C7 /* OrderMealRequest.m */; };
		D04F3ADE1E03BA97002391C7 /* OrderMealRequestArgs.m in Sources */ = {isa = PBXBuildFile; fileRef = D04F3ADD1E03BA97002391C7 /* OrderMealRequestArgs.m */; };
		D04F3AE51E03BAAE002391C7 /* Meal.m in Sources */ = {isa = PBXBuildFile; fileRef = D04F3AE01E03BAAE002391C7 /* Meal.m */; };
		D04F3AE61E03BAAE002391C7 /* Restaurant.m in Sources */ = {isa = PBXBuildFile; fileRef = D04F3AE21E03BAAE002391C7 /* Restaurant.m */; };
		D04F3AE71E03BAAE002391C7 /* RestaurantMeal.m in Sources */ = {isa = PBXBuildFile; fileRef = D04F3AE41E03BAAE002391C7 /* RestaurantMeal.m */; };
		D04F3AF11E03BACD002391C7 /* HomeViewController.m in Sources */ = {isa = PBXBuildFile; fileRef = D04F3AEE1E03BACD002391C7 /* HomeViewController.m */; };
		D04F3AF21E03BACD002391C7 /* MealDetailViewController.m in Sources */ = {isa = PBXBuildFile; fileRef = D04F3AF01E03BACD002391C7 /* MealDetailViewController.m */; };
		D04F3AF41E04BC29002391C7 /* MealPassOption.m in Sources */ = {isa = PBXBuildFile; fileRef = D04F3AF31E04BC29002391C7 /* MealPassOption.m */; };
		D04F3AF81E04BE76002391C7 /* MealPass.m in Sources */ = {isa = PBXBuildFile; fileRef = D04F3AF71E04BE76002391C7 /* MealPass.m */; };
		D04F3AFC1E04D70E002391C7 /* MealTableViewCell.m in Sources */ = {isa = PBXBuildFile; fileRef = D04F3AFA1E04D70E002391C7 /* MealTableViewCell.m */; };
		D04F3AFD1E04D70E002391C7 /* MealTableViewCell.xib in Resources */ = {isa = PBXBuildFile; fileRef = D04F3AFB1E04D70E002391C7 /* MealTableViewCell.xib */; };
		D04F3AFF1E051EED002391C7 /* MealHistoryRequest.m in Sources */ = {isa = PBXBuildFile; fileRef = D04F3AFE1E051EED002391C7 /* MealHistoryRequest.m */; };
		D04F3B031E05358F002391C7 /* DeleteMealRequest.m in Sources */ = {isa = PBXBuildFile; fileRef = D04F3B021E05358F002391C7 /* DeleteMealRequest.m */; };
		D089B5C51E023DEE005DBEC1 /* User.m in Sources */ = {isa = PBXBuildFile; fileRef = D089B5C41E023DEE005DBEC1 /* User.m */; };
		D089B5C81E023F99005DBEC1 /* SignupRequestArgs.m in Sources */ = {isa = PBXBuildFile; fileRef = D089B5C71E023F99005DBEC1 /* SignupRequestArgs.m */; };
		D089B5CB1E0241C2005DBEC1 /* SignupRequest.m in Sources */ = {isa = PBXBuildFile; fileRef = D089B5CA1E0241C2005DBEC1 /* SignupRequest.m */; };
		D089B5CE1E0265EC005DBEC1 /* CoreData.framework in Frameworks */ = {isa = PBXBuildFile; fileRef = D089B5CD1E0265EC005DBEC1 /* CoreData.framework */; };
		D0B0A21F1E0219B6005B4D60 /* SignupViewController.m in Sources */ = {isa = PBXBuildFile; fileRef = D0B0A21E1E0219B6005B4D60 /* SignupViewController.m */; };
/* End PBXBuildFile section */

/* Begin PBXContainerItemProxy section */
		D018E1741DFF63870086DF02 /* PBXContainerItemProxy */ = {
			isa = PBXContainerItemProxy;
			containerPortal = D018E1521DFF63870086DF02 /* Project object */;
			proxyType = 1;
			remoteGlobalIDString = D018E1591DFF63870086DF02;
			remoteInfo = Mealpass;
		};
/* End PBXContainerItemProxy section */

/* Begin PBXCopyFilesBuildPhase section */
		D018E1901E0042E80086DF02 /* Embed Frameworks */ = {
			isa = PBXCopyFilesBuildPhase;
			buildActionMask = 2147483647;
			dstPath = "";
			dstSubfolderSpec = 10;
			files = (
				D018E18D1E0042E80086DF02 /* JSONModel.framework in Embed Frameworks */,
				D018E18F1E0042E80086DF02 /* AFNetworking.framework in Embed Frameworks */,
				D00400C11E019662000CA38E /* MagicalRecord.framework in Embed Frameworks */,
			);
			name = "Embed Frameworks";
			runOnlyForDeploymentPostprocessing = 0;
		};
/* End PBXCopyFilesBuildPhase section */

/* Begin PBXFileReference section */
		960071381E0274EC00A3AC96 /* MainViewController.h */ = {isa = PBXFileReference; fileEncoding = 4; lastKnownFileType = sourcecode.c.h; path = MainViewController.h; sourceTree = "<group>"; };
		960071391E0274EC00A3AC96 /* MainViewController.m */ = {isa = PBXFileReference; fileEncoding = 4; lastKnownFileType = sourcecode.c.objc; path = MainViewController.m; sourceTree = "<group>"; };
		9600713A1E0274EC00A3AC96 /* HistoryViewController.h */ = {isa = PBXFileReference; fileEncoding = 4; lastKnownFileType = sourcecode.c.h; path = HistoryViewController.h; sourceTree = "<group>"; };
		9600713B1E0274EC00A3AC96 /* HistoryViewController.m */ = {isa = PBXFileReference; fileEncoding = 4; lastKnownFileType = sourcecode.c.objc; path = HistoryViewController.m; sourceTree = "<group>"; };
		9600713C1E0274EC00A3AC96 /* InviteViewController.h */ = {isa = PBXFileReference; fileEncoding = 4; lastKnownFileType = sourcecode.c.h; path = InviteViewController.h; sourceTree = "<group>"; };
		9600713D1E0274EC00A3AC96 /* InviteViewController.m */ = {isa = PBXFileReference; fileEncoding = 4; lastKnownFileType = sourcecode.c.objc; path = InviteViewController.m; sourceTree = "<group>"; };
		9600713E1E0274EC00A3AC96 /* SidebarTableViewController.h */ = {isa = PBXFileReference; fileEncoding = 4; lastKnownFileType = sourcecode.c.h; path = SidebarTableViewController.h; sourceTree = "<group>"; };
		9600713F1E0274EC00A3AC96 /* SidebarTableViewController.m */ = {isa = PBXFileReference; fileEncoding = 4; lastKnownFileType = sourcecode.c.objc; path = SidebarTableViewController.m; sourceTree = "<group>"; };
		960071401E0274EC00A3AC96 /* SWRevealViewController.h */ = {isa = PBXFileReference; fileEncoding = 4; lastKnownFileType = sourcecode.c.h; path = SWRevealViewController.h; sourceTree = "<group>"; };
		960071411E0274EC00A3AC96 /* SWRevealViewController.m */ = {isa = PBXFileReference; fileEncoding = 4; lastKnownFileType = sourcecode.c.objc; path = SWRevealViewController.m; sourceTree = "<group>"; };
		960071481E02750D00A3AC96 /* Base */ = {isa = PBXFileReference; lastKnownFileType = file.storyboard; name = Base; path = Base.lproj/Home.storyboard; sourceTree = "<group>"; };
		9678BE601E03A04100ED2E7F /* FavoritesViewController.h */ = {isa = PBXFileReference; fileEncoding = 4; lastKnownFileType = sourcecode.c.h; path = FavoritesViewController.h; sourceTree = "<group>"; };
		9678BE611E03A04100ED2E7F /* FavoritesViewController.m */ = {isa = PBXFileReference; fileEncoding = 4; lastKnownFileType = sourcecode.c.objc; path = FavoritesViewController.m; sourceTree = "<group>"; };
		9678BE621E03A04100ED2E7F /* MyProfileViewController.h */ = {isa = PBXFileReference; fileEncoding = 4; lastKnownFileType = sourcecode.c.h; path = MyProfileViewController.h; sourceTree = "<group>"; };
		9678BE631E03A04100ED2E7F /* MyProfileViewController.m */ = {isa = PBXFileReference; fileEncoding = 4; lastKnownFileType = sourcecode.c.objc; path = MyProfileViewController.m; sourceTree = "<group>"; };
		D00400B91E00D610000CA38E /* BaseRequest.m */ = {isa = PBXFileReference; fileEncoding = 4; lastKnownFileType = sourcecode.c.objc; path = BaseRequest.m; sourceTree = "<group>"; };
		D00400BB1E00D620000CA38E /* BaseRequest.h */ = {isa = PBXFileReference; lastKnownFileType = sourcecode.c.h; path = BaseRequest.h; sourceTree = "<group>"; };
		D00400BC1E00DA08000CA38E /* RequestConstants.h */ = {isa = PBXFileReference; lastKnownFileType = sourcecode.c.h; path = RequestConstants.h; sourceTree = "<group>"; };
		D00400BD1E019385000CA38E /* MagicalRecord.framework */ = {isa = PBXFileReference; lastKnownFileType = wrapper.framework; name = MagicalRecord.framework; path = Carthage/Build/iOS/MagicalRecord.framework; sourceTree = "<group>"; };
		D018E15A1DFF63870086DF02 /* Mealpass.app */ = {isa = PBXFileReference; explicitFileType = wrapper.application; includeInIndex = 0; path = Mealpass.app; sourceTree = BUILT_PRODUCTS_DIR; };
		D018E15E1DFF63870086DF02 /* main.m */ = {isa = PBXFileReference; lastKnownFileType = sourcecode.c.objc; path = main.m; sourceTree = "<group>"; };
		D018E1601DFF63870086DF02 /* AppDelegate.h */ = {isa = PBXFileReference; lastKnownFileType = sourcecode.c.h; path = AppDelegate.h; sourceTree = "<group>"; };
		D018E1611DFF63870086DF02 /* AppDelegate.m */ = {isa = PBXFileReference; lastKnownFileType = sourcecode.c.objc; path = AppDelegate.m; sourceTree = "<group>"; };
		D018E1631DFF63870086DF02 /* ViewController.h */ = {isa = PBXFileReference; lastKnownFileType = sourcecode.c.h; path = ViewController.h; sourceTree = "<group>"; };
		D018E1641DFF63870086DF02 /* ViewController.m */ = {isa = PBXFileReference; lastKnownFileType = sourcecode.c.objc; path = ViewController.m; sourceTree = "<group>"; };
		D018E1671DFF63870086DF02 /* Base */ = {isa = PBXFileReference; lastKnownFileType = file.storyboard; name = Base; path = Base.lproj/Main.storyboard; sourceTree = "<group>"; };
		D018E1691DFF63870086DF02 /* Assets.xcassets */ = {isa = PBXFileReference; lastKnownFileType = folder.assetcatalog; path = Assets.xcassets; sourceTree = "<group>"; };
		D018E16C1DFF63870086DF02 /* Base */ = {isa = PBXFileReference; lastKnownFileType = file.storyboard; name = Base; path = Base.lproj/LaunchScreen.storyboard; sourceTree = "<group>"; };
		D018E16E1DFF63870086DF02 /* Info.plist */ = {isa = PBXFileReference; lastKnownFileType = text.plist.xml; path = Info.plist; sourceTree = "<group>"; };
		D018E1731DFF63870086DF02 /* MealpassTests.xctest */ = {isa = PBXFileReference; explicitFileType = wrapper.cfbundle; includeInIndex = 0; path = MealpassTests.xctest; sourceTree = BUILT_PRODUCTS_DIR; };
		D018E1771DFF63870086DF02 /* MealpassTests.m */ = {isa = PBXFileReference; lastKnownFileType = sourcecode.c.objc; path = MealpassTests.m; sourceTree = "<group>"; };
		D018E1791DFF63870086DF02 /* Info.plist */ = {isa = PBXFileReference; lastKnownFileType = text.plist.xml; path = Info.plist; sourceTree = "<group>"; };
		D018E1831DFF65F80086DF02 /* LoginControllerViewController.h */ = {isa = PBXFileReference; fileEncoding = 4; lastKnownFileType = sourcecode.c.h; path = LoginControllerViewController.h; sourceTree = "<group>"; };
		D018E1841DFF65F80086DF02 /* LoginControllerViewController.m */ = {isa = PBXFileReference; fileEncoding = 4; lastKnownFileType = sourcecode.c.objc; path = LoginControllerViewController.m; sourceTree = "<group>"; };
		D018E1871DFFA82D0086DF02 /* AFNetworking.framework */ = {isa = PBXFileReference; lastKnownFileType = wrapper.framework; name = AFNetworking.framework; path = Carthage/Build/iOS/AFNetworking.framework; sourceTree = "<group>"; };
		D018E1891E003C690086DF02 /* JSONModel.framework */ = {isa = PBXFileReference; lastKnownFileType = wrapper.framework; name = JSONModel.framework; path = Carthage/Build/iOS/JSONModel.framework; sourceTree = "<group>"; };
		D018E1921E005D5A0086DF02 /* LoginRequest.m */ = {isa = PBXFileReference; fileEncoding = 4; lastKnownFileType = sourcecode.c.objc; path = LoginRequest.m; sourceTree = "<group>"; };
		D018E1941E005E020086DF02 /* BaseRequestArgs.h */ = {isa = PBXFileReference; fileEncoding = 4; lastKnownFileType = sourcecode.c.h; path = BaseRequestArgs.h; sourceTree = "<group>"; };
		D018E1971E0073760086DF02 /* Account.h */ = {isa = PBXFileReference; fileEncoding = 4; lastKnownFileType = sourcecode.c.h; path = Account.h; sourceTree = "<group>"; };
		D0287CB21E00C08A00884F2C /* LoginRequestArgs.m */ = {isa = PBXFileReference; fileEncoding = 4; lastKnownFileType = sourcecode.c.objc; path = LoginRequestArgs.m; sourceTree = "<group>"; };
		D0287CB41E00C0B400884F2C /* LoginRequestArgs.h */ = {isa = PBXFileReference; lastKnownFileType = sourcecode.c.h; path = LoginRequestArgs.h; sourceTree = "<group>"; };
		D0287CB51E00C41500884F2C /* LoginRequest.h */ = {isa = PBXFileReference; lastKnownFileType = sourcecode.c.h; path = LoginRequest.h; sourceTree = "<group>"; };
		D0287CB61E00C63200884F2C /* RequestStatus.h */ = {isa = PBXFileReference; fileEncoding = 4; lastKnownFileType = sourcecode.c.h; path = RequestStatus.h; sourceTree = "<group>"; };
		D0287CB81E00C85900884F2C /* Response.m */ = {isa = PBXFileReference; fileEncoding = 4; lastKnownFileType = sourcecode.c.objc; path = Response.m; sourceTree = "<group>"; };
		D0287CBA1E00C86900884F2C /* Response.h */ = {isa = PBXFileReference; lastKnownFileType = sourcecode.c.h; path = Response.h; sourceTree = "<group>"; };
		D03D408E1E0079D50006261F /* Account.m */ = {isa = PBXFileReference; fileEncoding = 4; lastKnownFileType = sourcecode.c.objc; path = Account.m; sourceTree = "<group>"; };
		D03D40901E0079FA0006261F /* BaseRequestArgs.m */ = {isa = PBXFileReference; fileEncoding = 4; lastKnownFileType = sourcecode.c.objc; path = BaseRequestArgs.m; sourceTree = "<group>"; };
		D03D40991E00B29A0006261F /* LoadingAnimationView.h */ = {isa = PBXFileReference; fileEncoding = 4; lastKnownFileType = sourcecode.c.h; path = LoadingAnimationView.h; sourceTree = "<group>"; };
		D03D409A1E00B29A0006261F /* LoadingAnimationView.m */ = {isa = PBXFileReference; fileEncoding = 4; lastKnownFileType = sourcecode.c.objc; path = LoadingAnimationView.m; sourceTree = "<group>"; };
		D03D409B1E00B29A0006261F /* LoadingAnimationView.xib */ = {isa = PBXFileReference; fileEncoding = 4; lastKnownFileType = file.xib; path = LoadingAnimationView.xib; sourceTree = "<group>"; };
		D04F3AC81E03BA48002391C7 /* GetMealsRequest.h */ = {isa = PBXFileReference; fileEncoding = 4; lastKnownFileType = sourcecode.c.h; path = GetMealsRequest.h; sourceTree = "<group>"; };
		D04F3AC91E03BA48002391C7 /* GetMealsRequest.m */ = {isa = PBXFileReference; fileEncoding = 4; lastKnownFileType = sourcecode.c.objc; path = GetMealsRequest.m; sourceTree = "<group>"; };
		D04F3AD31E03BA48002391C7 /* OrderMealRequest.h */ = {isa = PBXFileReference; fileEncoding = 4; lastKnownFileType = sourcecode.c.h; path = OrderMealRequest.h; sourceTree = "<group>"; };
		D04F3AD41E03BA48002391C7 /* OrderMealRequest.m */ = {isa = PBXFileReference; fileEncoding = 4; lastKnownFileType = sourcecode.c.objc; path = OrderMealRequest.m; sourceTree = "<group>"; };
		D04F3AD51E03BA48002391C7 /* OrderMealRequestArgs.h */ = {isa = PBXFileReference; fileEncoding = 4; lastKnownFileType = sourcecode.c.h; path = OrderMealRequestArgs.h; sourceTree = "<group>"; };
		D04F3ADD1E03BA97002391C7 /* OrderMealRequestArgs.m */ = {isa = PBXFileReference; fileEncoding = 4; lastKnownFileType = sourcecode.c.objc; path = OrderMealRequestArgs.m; sourceTree = "<group>"; };
		D04F3ADF1E03BAAE002391C7 /* Meal.h */ = {isa = PBXFileReference; fileEncoding = 4; lastKnownFileType = sourcecode.c.h; path = Meal.h; sourceTree = "<group>"; };
		D04F3AE01E03BAAE002391C7 /* Meal.m */ = {isa = PBXFileReference; fileEncoding = 4; lastKnownFileType = sourcecode.c.objc; path = Meal.m; sourceTree = "<group>"; };
		D04F3AE11E03BAAE002391C7 /* Restaurant.h */ = {isa = PBXFileReference; fileEncoding = 4; lastKnownFileType = sourcecode.c.h; path = Restaurant.h; sourceTree = "<group>"; };
		D04F3AE21E03BAAE002391C7 /* Restaurant.m */ = {isa = PBXFileReference; fileEncoding = 4; lastKnownFileType = sourcecode.c.objc; path = Restaurant.m; sourceTree = "<group>"; };
		D04F3AE31E03BAAE002391C7 /* RestaurantMeal.h */ = {isa = PBXFileReference; fileEncoding = 4; lastKnownFileType = sourcecode.c.h; path = RestaurantMeal.h; sourceTree = "<group>"; };
		D04F3AE41E03BAAE002391C7 /* RestaurantMeal.m */ = {isa = PBXFileReference; fileEncoding = 4; lastKnownFileType = sourcecode.c.objc; path = RestaurantMeal.m; sourceTree = "<group>"; };
		D04F3AED1E03BACD002391C7 /* HomeViewController.h */ = {isa = PBXFileReference; fileEncoding = 4; lastKnownFileType = sourcecode.c.h; path = HomeViewController.h; sourceTree = "<group>"; };
		D04F3AEE1E03BACD002391C7 /* HomeViewController.m */ = {isa = PBXFileReference; fileEncoding = 4; lastKnownFileType = sourcecode.c.objc; path = HomeViewController.m; sourceTree = "<group>"; };
		D04F3AEF1E03BACD002391C7 /* MealDetailViewController.h */ = {isa = PBXFileReference; fileEncoding = 4; lastKnownFileType = sourcecode.c.h; path = MealDetailViewController.h; sourceTree = "<group>"; };
		D04F3AF01E03BACD002391C7 /* MealDetailViewController.m */ = {isa = PBXFileReference; fileEncoding = 4; lastKnownFileType = sourcecode.c.objc; path = MealDetailViewController.m; sourceTree = "<group>"; };
		D04F3AF31E04BC29002391C7 /* MealPassOption.m */ = {isa = PBXFileReference; fileEncoding = 4; lastKnownFileType = sourcecode.c.objc; path = MealPassOption.m; sourceTree = "<group>"; };
		D04F3AF51E04BC38002391C7 /* MealPassOption.h */ = {isa = PBXFileReference; lastKnownFileType = sourcecode.c.h; path = MealPassOption.h; sourceTree = "<group>"; };
		D04F3AF61E04BE64002391C7 /* MealPass.h */ = {isa = PBXFileReference; lastKnownFileType = sourcecode.c.h; path = MealPass.h; sourceTree = "<group>"; };
		D04F3AF71E04BE76002391C7 /* MealPass.m */ = {isa = PBXFileReference; fileEncoding = 4; lastKnownFileType = sourcecode.c.objc; path = MealPass.m; sourceTree = "<group>"; };
		D04F3AF91E04D70E002391C7 /* MealTableViewCell.h */ = {isa = PBXFileReference; fileEncoding = 4; lastKnownFileType = sourcecode.c.h; path = MealTableViewCell.h; sourceTree = "<group>"; };
		D04F3AFA1E04D70E002391C7 /* MealTableViewCell.m */ = {isa = PBXFileReference; fileEncoding = 4; lastKnownFileType = sourcecode.c.objc; path = MealTableViewCell.m; sourceTree = "<group>"; };
		D04F3AFB1E04D70E002391C7 /* MealTableViewCell.xib */ = {isa = PBXFileReference; fileEncoding = 4; lastKnownFileType = file.xib; path = MealTableViewCell.xib; sourceTree = "<group>"; };
		D04F3AFE1E051EED002391C7 /* MealHistoryRequest.m */ = {isa = PBXFileReference; fileEncoding = 4; lastKnownFileType = sourcecode.c.objc; path = MealHistoryRequest.m; sourceTree = "<group>"; };
		D04F3B001E051EFE002391C7 /* MealHistoryRequest.h */ = {isa = PBXFileReference; lastKnownFileType = sourcecode.c.h; path = MealHistoryRequest.h; sourceTree = "<group>"; };
		D04F3B011E053580002391C7 /* DeleteMealRequest.h */ = {isa = PBXFileReference; lastKnownFileType = sourcecode.c.h; path = DeleteMealRequest.h; sourceTree = "<group>"; };
		D04F3B021E05358F002391C7 /* DeleteMealRequest.m */ = {isa = PBXFileReference; fileEncoding = 4; lastKnownFileType = sourcecode.c.objc; path = DeleteMealRequest.m; sourceTree = "<group>"; };
		D089B5C41E023DEE005DBEC1 /* User.m */ = {isa = PBXFileReference; fileEncoding = 4; lastKnownFileType = sourcecode.c.objc; path = User.m; sourceTree = "<group>"; };
		D089B5C61E023DFC005DBEC1 /* User.h */ = {isa = PBXFileReference; lastKnownFileType = sourcecode.c.h; path = User.h; sourceTree = "<group>"; };
		D089B5C71E023F99005DBEC1 /* SignupRequestArgs.m */ = {isa = PBXFileReference; fileEncoding = 4; lastKnownFileType = sourcecode.c.objc; path = SignupRequestArgs.m; sourceTree = "<group>"; };
		D089B5C91E023FAD005DBEC1 /* SignupRequestArgs.h */ = {isa = PBXFileReference; lastKnownFileType = sourcecode.c.h; path = SignupRequestArgs.h; sourceTree = "<group>"; };
		D089B5CA1E0241C2005DBEC1 /* SignupRequest.m */ = {isa = PBXFileReference; fileEncoding = 4; lastKnownFileType = sourcecode.c.objc; path = SignupRequest.m; sourceTree = "<group>"; };
		D089B5CC1E0241D6005DBEC1 /* SignupRequest.h */ = {isa = PBXFileReference; lastKnownFileType = sourcecode.c.h; path = SignupRequest.h; sourceTree = "<group>"; };
		D089B5CD1E0265EC005DBEC1 /* CoreData.framework */ = {isa = PBXFileReference; lastKnownFileType = wrapper.framework; name = CoreData.framework; path = System/Library/Frameworks/CoreData.framework; sourceTree = SDKROOT; };
		D0B0A21D1E0219B6005B4D60 /* SignupViewController.h */ = {isa = PBXFileReference; fileEncoding = 4; lastKnownFileType = sourcecode.c.h; path = SignupViewController.h; sourceTree = "<group>"; };
		D0B0A21E1E0219B6005B4D60 /* SignupViewController.m */ = {isa = PBXFileReference; fileEncoding = 4; lastKnownFileType = sourcecode.c.objc; path = SignupViewController.m; sourceTree = "<group>"; };
/* End PBXFileReference section */

/* Begin PBXFrameworksBuildPhase section */
		D018E1571DFF63870086DF02 /* Frameworks */ = {
			isa = PBXFrameworksBuildPhase;
			buildActionMask = 2147483647;
			files = (
				D089B5CE1E0265EC005DBEC1 /* CoreData.framework in Frameworks */,
				D018E18C1E0042E80086DF02 /* JSONModel.framework in Frameworks */,
				D018E18E1E0042E80086DF02 /* AFNetworking.framework in Frameworks */,
				D00400C01E019662000CA38E /* MagicalRecord.framework in Frameworks */,
			);
			runOnlyForDeploymentPostprocessing = 0;
		};
		D018E1701DFF63870086DF02 /* Frameworks */ = {
			isa = PBXFrameworksBuildPhase;
			buildActionMask = 2147483647;
			files = (
			);
			runOnlyForDeploymentPostprocessing = 0;
		};
/* End PBXFrameworksBuildPhase section */

/* Begin PBXGroup section */
		D018E1511DFF63870086DF02 = {
			isa = PBXGroup;
			children = (
				D00400BD1E019385000CA38E /* MagicalRecord.framework */,
				D018E15C1DFF63870086DF02 /* Mealpass */,
				D018E1761DFF63870086DF02 /* MealpassTests */,
				D018E15B1DFF63870086DF02 /* Products */,
				D018E1861DFFA82C0086DF02 /* Frameworks */,
			);
			sourceTree = "<group>";
		};
		D018E15B1DFF63870086DF02 /* Products */ = {
			isa = PBXGroup;
			children = (
				D018E15A1DFF63870086DF02 /* Mealpass.app */,
				D018E1731DFF63870086DF02 /* MealpassTests.xctest */,
			);
			name = Products;
			sourceTree = "<group>";
		};
		D018E15C1DFF63870086DF02 /* Mealpass */ = {
			isa = PBXGroup;
			children = (
				D0287CB71E00C82800884F2C /* response */,
				D03D40921E00A83D0006261F /* view */,
				D018E1961E00735E0086DF02 /* model */,
				D018E1911E005D2C0086DF02 /* request */,
				D018E1821DFF64EF0086DF02 /* controllers */,
				D018E1601DFF63870086DF02 /* AppDelegate.h */,
				D018E1611DFF63870086DF02 /* AppDelegate.m */,
				D018E1631DFF63870086DF02 /* ViewController.h */,
				D018E1641DFF63870086DF02 /* ViewController.m */,
				D018E1661DFF63870086DF02 /* Main.storyboard */,
				960071471E02750D00A3AC96 /* Home.storyboard */,
				D018E1691DFF63870086DF02 /* Assets.xcassets */,
				D018E16B1DFF63870086DF02 /* LaunchScreen.storyboard */,
				D018E16E1DFF63870086DF02 /* Info.plist */,
				D018E15D1DFF63870086DF02 /* Supporting Files */,
			);
			path = Mealpass;
			sourceTree = "<group>";
		};
		D018E15D1DFF63870086DF02 /* Supporting Files */ = {
			isa = PBXGroup;
			children = (
				D018E15E1DFF63870086DF02 /* main.m */,
			);
			name = "Supporting Files";
			sourceTree = "<group>";
		};
		D018E1761DFF63870086DF02 /* MealpassTests */ = {
			isa = PBXGroup;
			children = (
				D018E1771DFF63870086DF02 /* MealpassTests.m */,
				D018E1791DFF63870086DF02 /* Info.plist */,
			);
			path = MealpassTests;
			sourceTree = "<group>";
		};
		D018E1821DFF64EF0086DF02 /* controllers */ = {
			isa = PBXGroup;
			children = (
				D04F3AED1E03BACD002391C7 /* HomeViewController.h */,
				D04F3AEE1E03BACD002391C7 /* HomeViewController.m */,
				D04F3AEF1E03BACD002391C7 /* MealDetailViewController.h */,
				D04F3AF01E03BACD002391C7 /* MealDetailViewController.m */,
				9678BE601E03A04100ED2E7F /* FavoritesViewController.h */,
				9678BE611E03A04100ED2E7F /* FavoritesViewController.m */,
				9678BE621E03A04100ED2E7F /* MyProfileViewController.h */,
				9678BE631E03A04100ED2E7F /* MyProfileViewController.m */,
				960071381E0274EC00A3AC96 /* MainViewController.h */,
				960071391E0274EC00A3AC96 /* MainViewController.m */,
				9600713A1E0274EC00A3AC96 /* HistoryViewController.h */,
				9600713B1E0274EC00A3AC96 /* HistoryViewController.m */,
				9600713C1E0274EC00A3AC96 /* InviteViewController.h */,
				9600713D1E0274EC00A3AC96 /* InviteViewController.m */,
				9600713E1E0274EC00A3AC96 /* SidebarTableViewController.h */,
				9600713F1E0274EC00A3AC96 /* SidebarTableViewController.m */,
				960071401E0274EC00A3AC96 /* SWRevealViewController.h */,
				960071411E0274EC00A3AC96 /* SWRevealViewController.m */,
				D018E1831DFF65F80086DF02 /* LoginControllerViewController.h */,
				D018E1841DFF65F80086DF02 /* LoginControllerViewController.m */,
				D0B0A21D1E0219B6005B4D60 /* SignupViewController.h */,
				D0B0A21E1E0219B6005B4D60 /* SignupViewController.m */,
			);
			name = controllers;
			sourceTree = "<group>";
		};
		D018E1861DFFA82C0086DF02 /* Frameworks */ = {
			isa = PBXGroup;
			children = (
				D089B5CD1E0265EC005DBEC1 /* CoreData.framework */,
				D018E1891E003C690086DF02 /* JSONModel.framework */,
				D018E1871DFFA82D0086DF02 /* AFNetworking.framework */,
			);
			name = Frameworks;
			sourceTree = "<group>";
		};
		D018E1911E005D2C0086DF02 /* request */ = {
			isa = PBXGroup;
			children = (
				D04F3ADD1E03BA97002391C7 /* OrderMealRequestArgs.m */,
				D04F3AC81E03BA48002391C7 /* GetMealsRequest.h */,
				D04F3AC91E03BA48002391C7 /* GetMealsRequest.m */,
				D04F3AD31E03BA48002391C7 /* OrderMealRequest.h */,
				D04F3AD41E03BA48002391C7 /* OrderMealRequest.m */,
				D04F3AD51E03BA48002391C7 /* OrderMealRequestArgs.h */,
				D018E1921E005D5A0086DF02 /* LoginRequest.m */,
				D018E1941E005E020086DF02 /* BaseRequestArgs.h */,
				D03D40901E0079FA0006261F /* BaseRequestArgs.m */,
				D0287CB21E00C08A00884F2C /* LoginRequestArgs.m */,
				D0287CB41E00C0B400884F2C /* LoginRequestArgs.h */,
				D0287CB51E00C41500884F2C /* LoginRequest.h */,
				D0287CB61E00C63200884F2C /* RequestStatus.h */,
				D00400B91E00D610000CA38E /* BaseRequest.m */,
				D00400BB1E00D620000CA38E /* BaseRequest.h */,
				D00400BC1E00DA08000CA38E /* RequestConstants.h */,
				D089B5C71E023F99005DBEC1 /* SignupRequestArgs.m */,
				D089B5C91E023FAD005DBEC1 /* SignupRequestArgs.h */,
				D089B5CA1E0241C2005DBEC1 /* SignupRequest.m */,
				D089B5CC1E0241D6005DBEC1 /* SignupRequest.h */,
				D04F3AFE1E051EED002391C7 /* MealHistoryRequest.m */,
				D04F3B001E051EFE002391C7 /* MealHistoryRequest.h */,
				D04F3B011E053580002391C7 /* DeleteMealRequest.h */,
				D04F3B021E05358F002391C7 /* DeleteMealRequest.m */,
			);
			name = request;
			sourceTree = "<group>";
		};
		D018E1961E00735E0086DF02 /* model */ = {
			isa = PBXGroup;
			children = (
				D04F3ADF1E03BAAE002391C7 /* Meal.h */,
				D04F3AE01E03BAAE002391C7 /* Meal.m */,
				D04F3AE11E03BAAE002391C7 /* Restaurant.h */,
				D04F3AE21E03BAAE002391C7 /* Restaurant.m */,
				D04F3AE31E03BAAE002391C7 /* RestaurantMeal.h */,
				D04F3AE41E03BAAE002391C7 /* RestaurantMeal.m */,
				D018E1971E0073760086DF02 /* Account.h */,
				D03D408E1E0079D50006261F /* Account.m */,
				D089B5C41E023DEE005DBEC1 /* User.m */,
				D089B5C61E023DFC005DBEC1 /* User.h */,
				D04F3AF31E04BC29002391C7 /* MealPassOption.m */,
				D04F3AF51E04BC38002391C7 /* MealPassOption.h */,
				D04F3AF61E04BE64002391C7 /* MealPass.h */,
				D04F3AF71E04BE76002391C7 /* MealPass.m */,
			);
			name = model;
			sourceTree = "<group>";
		};
		D0287CB71E00C82800884F2C /* response */ = {
			isa = PBXGroup;
			children = (
				D0287CB81E00C85900884F2C /* Response.m */,
				D0287CBA1E00C86900884F2C /* Response.h */,
			);
			name = response;
			sourceTree = "<group>";
		};
		D03D40921E00A83D0006261F /* view */ = {
			isa = PBXGroup;
			children = (
				D04F3AF91E04D70E002391C7 /* MealTableViewCell.h */,
				D04F3AFA1E04D70E002391C7 /* MealTableViewCell.m */,
				D04F3AFB1E04D70E002391C7 /* MealTableViewCell.xib */,
				D03D40991E00B29A0006261F /* LoadingAnimationView.h */,
				D03D409A1E00B29A0006261F /* LoadingAnimationView.m */,
				D03D409B1E00B29A0006261F /* LoadingAnimationView.xib */,
			);
			name = view;
			sourceTree = "<group>";
		};
/* End PBXGroup section */

/* Begin PBXNativeTarget section */
		D018E1591DFF63870086DF02 /* Mealpass */ = {
			isa = PBXNativeTarget;
			buildConfigurationList = D018E17C1DFF63870086DF02 /* Build configuration list for PBXNativeTarget "Mealpass" */;
			buildPhases = (
				D018E1561DFF63870086DF02 /* Sources */,
				D018E1571DFF63870086DF02 /* Frameworks */,
				D018E1581DFF63870086DF02 /* Resources */,
				D018E1901E0042E80086DF02 /* Embed Frameworks */,
			);
			buildRules = (
			);
			dependencies = (
			);
			name = Mealpass;
			productName = Mealpass;
			productReference = D018E15A1DFF63870086DF02 /* Mealpass.app */;
			productType = "com.apple.product-type.application";
		};
		D018E1721DFF63870086DF02 /* MealpassTests */ = {
			isa = PBXNativeTarget;
			buildConfigurationList = D018E17F1DFF63870086DF02 /* Build configuration list for PBXNativeTarget "MealpassTests" */;
			buildPhases = (
				D018E16F1DFF63870086DF02 /* Sources */,
				D018E1701DFF63870086DF02 /* Frameworks */,
				D018E1711DFF63870086DF02 /* Resources */,
			);
			buildRules = (
			);
			dependencies = (
				D018E1751DFF63870086DF02 /* PBXTargetDependency */,
			);
			name = MealpassTests;
			productName = MealpassTests;
			productReference = D018E1731DFF63870086DF02 /* MealpassTests.xctest */;
			productType = "com.apple.product-type.bundle.unit-test";
		};
/* End PBXNativeTarget section */

/* Begin PBXProject section */
		D018E1521DFF63870086DF02 /* Project object */ = {
			isa = PBXProject;
			attributes = {
				LastUpgradeCheck = 0800;
				ORGANIZATIONNAME = "Sabrish Ramamoorthy";
				TargetAttributes = {
					D018E1591DFF63870086DF02 = {
						CreatedOnToolsVersion = 8.0;
						DevelopmentTeam = 7FC4JG325C;
						DevelopmentTeamName = "Sabrish Ramamoorthy (Personal Team)";
						LastSwiftMigration = 0800;
						ProvisioningStyle = Automatic;
					};
					D018E1721DFF63870086DF02 = {
						CreatedOnToolsVersion = 8.0;
						DevelopmentTeam = 7FC4JG325C;
						DevelopmentTeamName = "Sabrish Ramamoorthy (Personal Team)";
						ProvisioningStyle = Automatic;
						TestTargetID = D018E1591DFF63870086DF02;
					};
				};
			};
			buildConfigurationList = D018E1551DFF63870086DF02 /* Build configuration list for PBXProject "Mealpass" */;
			compatibilityVersion = "Xcode 3.2";
			developmentRegion = English;
			hasScannedForEncodings = 0;
			knownRegions = (
				en,
				Base,
			);
			mainGroup = D018E1511DFF63870086DF02;
			productRefGroup = D018E15B1DFF63870086DF02 /* Products */;
			projectDirPath = "";
			projectRoot = "";
			targets = (
				D018E1591DFF63870086DF02 /* Mealpass */,
				D018E1721DFF63870086DF02 /* MealpassTests */,
			);
		};
/* End PBXProject section */

/* Begin PBXResourcesBuildPhase section */
		D018E1581DFF63870086DF02 /* Resources */ = {
			isa = PBXResourcesBuildPhase;
			buildActionMask = 2147483647;
			files = (
				D018E16D1DFF63870086DF02 /* LaunchScreen.storyboard in Resources */,
				960071491E02750D00A3AC96 /* Home.storyboard in Resources */,
				D04F3AFD1E04D70E002391C7 /* MealTableViewCell.xib in Resources */,
				D018E16A1DFF63870086DF02 /* Assets.xcassets in Resources */,
				D03D409D1E00B29A0006261F /* LoadingAnimationView.xib in Resources */,
				D018E1681DFF63870086DF02 /* Main.storyboard in Resources */,
			);
			runOnlyForDeploymentPostprocessing = 0;
		};
		D018E1711DFF63870086DF02 /* Resources */ = {
			isa = PBXResourcesBuildPhase;
			buildActionMask = 2147483647;
			files = (
			);
			runOnlyForDeploymentPostprocessing = 0;
		};
/* End PBXResourcesBuildPhase section */

/* Begin PBXSourcesBuildPhase section */
		D018E1561DFF63870086DF02 /* Sources */ = {
			isa = PBXSourcesBuildPhase;
			buildActionMask = 2147483647;
			files = (
				9678BE641E03A04100ED2E7F /* FavoritesViewController.m in Sources */,
				D0287CB91E00C85900884F2C /* Response.m in Sources */,
				D04F3ADC1E03BA48002391C7 /* OrderMealRequest.m in Sources */,
				D04F3AF21E03BACD002391C7 /* MealDetailViewController.m in Sources */,
				D018E1651DFF63870086DF02 /* ViewController.m in Sources */,
				D04F3AFF1E051EED002391C7 /* MealHistoryRequest.m in Sources */,
				D04F3B031E05358F002391C7 /* DeleteMealRequest.m in Sources */,
				D04F3AE51E03BAAE002391C7 /* Meal.m in Sources */,
				D04F3AF41E04BC29002391C7 /* MealPassOption.m in Sources */,
				D03D408F1E0079D50006261F /* Account.m in Sources */,
				D03D40911E0079FA0006261F /* BaseRequestArgs.m in Sources */,
				D018E1621DFF63870086DF02 /* AppDelegate.m in Sources */,
				D04F3AFC1E04D70E002391C7 /* MealTableViewCell.m in Sources */,
				D04F3AF81E04BE76002391C7 /* MealPass.m in Sources */,
				D089B5C51E023DEE005DBEC1 /* User.m in Sources */,
				D04F3AE71E03BAAE002391C7 /* RestaurantMeal.m in Sources */,
				D03D409C1E00B29A0006261F /* LoadingAnimationView.m in Sources */,
				D018E1851DFF65F80086DF02 /* LoginControllerViewController.m in Sources */,
				D04F3ADE1E03BA97002391C7 /* OrderMealRequestArgs.m in Sources */,
				D00400BA1E00D610000CA38E /* BaseRequest.m in Sources */,
				9678BE651E03A04100ED2E7F /* MyProfileViewController.m in Sources */,
				960071441E0274EC00A3AC96 /* InviteViewController.m in Sources */,
				D0287CB31E00C08A00884F2C /* LoginRequestArgs.m in Sources */,
				D089B5C81E023F99005DBEC1 /* SignupRequestArgs.m in Sources */,
				D018E15F1DFF63870086DF02 /* main.m in Sources */,
				960071451E0274EC00A3AC96 /* SidebarTableViewController.m in Sources */,
				D018E1981E0073760086DF02 /* Account.h in Sources */,
				D04F3AD61E03BA48002391C7 /* GetMealsRequest.m in Sources */,
				D04F3AF11E03BACD002391C7 /* HomeViewController.m in Sources */,
				960071421E0274EC00A3AC96 /* MainViewController.m in Sources */,
				D04F3AE61E03BAAE002391C7 /* Restaurant.m in Sources */,
				D018E1931E005D5A0086DF02 /* LoginRequest.m in Sources */,
				D0B0A21F1E0219B6005B4D60 /* SignupViewController.m in Sources */,
				960071431E0274EC00A3AC96 /* HistoryViewController.m in Sources */,
				960071461E0274EC00A3AC96 /* SWRevealViewController.m in Sources */,
				D018E1951E005E020086DF02 /* BaseRequestArgs.h in Sources */,
				D089B5CB1E0241C2005DBEC1 /* SignupRequest.m in Sources */,
			);
			runOnlyForDeploymentPostprocessing = 0;
		};
		D018E16F1DFF63870086DF02 /* Sources */ = {
			isa = PBXSourcesBuildPhase;
			buildActionMask = 2147483647;
			files = (
				D018E1781DFF63870086DF02 /* MealpassTests.m in Sources */,
			);
			runOnlyForDeploymentPostprocessing = 0;
		};
/* End PBXSourcesBuildPhase section */

/* Begin PBXTargetDependency section */
		D018E1751DFF63870086DF02 /* PBXTargetDependency */ = {
			isa = PBXTargetDependency;
			target = D018E1591DFF63870086DF02 /* Mealpass */;
			targetProxy = D018E1741DFF63870086DF02 /* PBXContainerItemProxy */;
		};
/* End PBXTargetDependency section */

/* Begin PBXVariantGroup section */
		960071471E02750D00A3AC96 /* Home.storyboard */ = {
			isa = PBXVariantGroup;
			children = (
				960071481E02750D00A3AC96 /* Base */,
			);
			name = Home.storyboard;
			sourceTree = "<group>";
		};
		D018E1661DFF63870086DF02 /* Main.storyboard */ = {
			isa = PBXVariantGroup;
			children = (
				D018E1671DFF63870086DF02 /* Base */,
			);
			name = Main.storyboard;
			sourceTree = "<group>";
		};
		D018E16B1DFF63870086DF02 /* LaunchScreen.storyboard */ = {
			isa = PBXVariantGroup;
			children = (
				D018E16C1DFF63870086DF02 /* Base */,
			);
			name = LaunchScreen.storyboard;
			sourceTree = "<group>";
		};
/* End PBXVariantGroup section */

/* Begin XCBuildConfiguration section */
		D018E17A1DFF63870086DF02 /* Debug */ = {
			isa = XCBuildConfiguration;
			buildSettings = {
				ALWAYS_SEARCH_USER_PATHS = NO;
				CLANG_ANALYZER_NONNULL = YES;
				CLANG_CXX_LANGUAGE_STANDARD = "gnu++0x";
				CLANG_CXX_LIBRARY = "libc++";
				CLANG_ENABLE_MODULES = YES;
				CLANG_ENABLE_OBJC_ARC = YES;
				CLANG_WARN_BOOL_CONVERSION = YES;
				CLANG_WARN_CONSTANT_CONVERSION = YES;
				CLANG_WARN_DIRECT_OBJC_ISA_USAGE = YES_ERROR;
				CLANG_WARN_DOCUMENTATION_COMMENTS = YES;
				CLANG_WARN_EMPTY_BODY = YES;
				CLANG_WARN_ENUM_CONVERSION = YES;
				CLANG_WARN_INT_CONVERSION = YES;
				CLANG_WARN_OBJC_ROOT_CLASS = YES_ERROR;
				CLANG_WARN_UNREACHABLE_CODE = YES;
				CLANG_WARN__DUPLICATE_METHOD_MATCH = YES;
				"CODE_SIGN_IDENTITY[sdk=iphoneos*]" = "iPhone Developer";
				COPY_PHASE_STRIP = NO;
				DEBUG_INFORMATION_FORMAT = dwarf;
				ENABLE_STRICT_OBJC_MSGSEND = YES;
				ENABLE_TESTABILITY = YES;
				GCC_C_LANGUAGE_STANDARD = gnu99;
				GCC_DYNAMIC_NO_PIC = NO;
				GCC_NO_COMMON_BLOCKS = YES;
				GCC_OPTIMIZATION_LEVEL = 0;
				GCC_PREPROCESSOR_DEFINITIONS = (
					"DEBUG=1",
					"$(inherited)",
				);
				GCC_WARN_64_TO_32_BIT_CONVERSION = YES;
				GCC_WARN_ABOUT_RETURN_TYPE = YES_ERROR;
				GCC_WARN_UNDECLARED_SELECTOR = YES;
				GCC_WARN_UNINITIALIZED_AUTOS = YES_AGGRESSIVE;
				GCC_WARN_UNUSED_FUNCTION = YES;
				GCC_WARN_UNUSED_VARIABLE = YES;
				IPHONEOS_DEPLOYMENT_TARGET = 10.0;
				MTL_ENABLE_DEBUG_INFO = YES;
				ONLY_ACTIVE_ARCH = YES;
				SDKROOT = iphoneos;
				TARGETED_DEVICE_FAMILY = "1,2";
			};
			name = Debug;
		};
		D018E17B1DFF63870086DF02 /* Release */ = {
			isa = XCBuildConfiguration;
			buildSettings = {
				ALWAYS_SEARCH_USER_PATHS = NO;
				CLANG_ANALYZER_NONNULL = YES;
				CLANG_CXX_LANGUAGE_STANDARD = "gnu++0x";
				CLANG_CXX_LIBRARY = "libc++";
				CLANG_ENABLE_MODULES = YES;
				CLANG_ENABLE_OBJC_ARC = YES;
				CLANG_WARN_BOOL_CONVERSION = YES;
				CLANG_WARN_CONSTANT_CONVERSION = YES;
				CLANG_WARN_DIRECT_OBJC_ISA_USAGE = YES_ERROR;
				CLANG_WARN_DOCUMENTATION_COMMENTS = YES;
				CLANG_WARN_EMPTY_BODY = YES;
				CLANG_WARN_ENUM_CONVERSION = YES;
				CLANG_WARN_INT_CONVERSION = YES;
				CLANG_WARN_OBJC_ROOT_CLASS = YES_ERROR;
				CLANG_WARN_UNREACHABLE_CODE = YES;
				CLANG_WARN__DUPLICATE_METHOD_MATCH = YES;
				"CODE_SIGN_IDENTITY[sdk=iphoneos*]" = "iPhone Developer";
				COPY_PHASE_STRIP = NO;
				DEBUG_INFORMATION_FORMAT = "dwarf-with-dsym";
				ENABLE_NS_ASSERTIONS = NO;
				ENABLE_STRICT_OBJC_MSGSEND = YES;
				GCC_C_LANGUAGE_STANDARD = gnu99;
				GCC_NO_COMMON_BLOCKS = YES;
				GCC_WARN_64_TO_32_BIT_CONVERSION = YES;
				GCC_WARN_ABOUT_RETURN_TYPE = YES_ERROR;
				GCC_WARN_UNDECLARED_SELECTOR = YES;
				GCC_WARN_UNINITIALIZED_AUTOS = YES_AGGRESSIVE;
				GCC_WARN_UNUSED_FUNCTION = YES;
				GCC_WARN_UNUSED_VARIABLE = YES;
				IPHONEOS_DEPLOYMENT_TARGET = 10.0;
				MTL_ENABLE_DEBUG_INFO = NO;
				SDKROOT = iphoneos;
				TARGETED_DEVICE_FAMILY = "1,2";
				VALIDATE_PRODUCT = YES;
			};
			name = Release;
		};
		D018E17D1DFF63870086DF02 /* Debug */ = {
			isa = XCBuildConfiguration;
			buildSettings = {
				ASSETCATALOG_COMPILER_APPICON_NAME = AppIcon;
				CLANG_ENABLE_MODULES = YES;
				FRAMEWORK_SEARCH_PATHS = (
					"$(inherited)",
					"$(PROJECT_DIR)/Carthage/Build/iOS",
				);
				INFOPLIST_FILE = Mealpass/Info.plist;
				IPHONEOS_DEPLOYMENT_TARGET = 9.3;
				LD_RUNPATH_SEARCH_PATHS = "$(inherited) @executable_path/Frameworks";
				PRODUCT_BUNDLE_IDENTIFIER = com.neu.Mealpass;
				PRODUCT_NAME = "$(TARGET_NAME)";
				SWIFT_OBJC_BRIDGING_HEADER = "Mealpass/Mealpass-Bridging-Header.h";
				SWIFT_OPTIMIZATION_LEVEL = "-Onone";
				SWIFT_VERSION = 3.0;
			};
			name = Debug;
		};
		D018E17E1DFF63870086DF02 /* Release */ = {
			isa = XCBuildConfiguration;
			buildSettings = {
				ASSETCATALOG_COMPILER_APPICON_NAME = AppIcon;
				CLANG_ENABLE_MODULES = YES;
				FRAMEWORK_SEARCH_PATHS = (
					"$(inherited)",
					"$(PROJECT_DIR)/Carthage/Build/iOS",
				);
				INFOPLIST_FILE = Mealpass/Info.plist;
				IPHONEOS_DEPLOYMENT_TARGET = 9.3;
				LD_RUNPATH_SEARCH_PATHS = "$(inherited) @executable_path/Frameworks";
				PRODUCT_BUNDLE_IDENTIFIER = com.neu.Mealpass;
				PRODUCT_NAME = "$(TARGET_NAME)";
				SWIFT_OBJC_BRIDGING_HEADER = "Mealpass/Mealpass-Bridging-Header.h";
				SWIFT_VERSION = 3.0;
			};
			name = Release;
		};
		D018E1801DFF63870086DF02 /* Debug */ = {
			isa = XCBuildConfiguration;
			buildSettings = {
				BUNDLE_LOADER = "$(TEST_HOST)";
				INFOPLIST_FILE = MealpassTests/Info.plist;
				LD_RUNPATH_SEARCH_PATHS = "$(inherited) @executable_path/Frameworks @loader_path/Frameworks";
				PRODUCT_BUNDLE_IDENTIFIER = com.neu.MealpassTests;
				PRODUCT_NAME = "$(TARGET_NAME)";
				TEST_HOST = "$(BUILT_PRODUCTS_DIR)/Mealpass.app/Mealpass";
			};
			name = Debug;
		};
		D018E1811DFF63870086DF02 /* Release */ = {
			isa = XCBuildConfiguration;
			buildSettings = {
				BUNDLE_LOADER = "$(TEST_HOST)";
				INFOPLIST_FILE = MealpassTests/Info.plist;
				LD_RUNPATH_SEARCH_PATHS = "$(inherited) @executable_path/Frameworks @loader_path/Frameworks";
				PRODUCT_BUNDLE_IDENTIFIER = com.neu.MealpassTests;
				PRODUCT_NAME = "$(TARGET_NAME)";
				TEST_HOST = "$(BUILT_PRODUCTS_DIR)/Mealpass.app/Mealpass";
			};
			name = Release;
		};
/* End XCBuildConfiguration section */

/* Begin XCConfigurationList section */
		D018E1551DFF63870086DF02 /* Build configuration list for PBXProject "Mealpass" */ = {
			isa = XCConfigurationList;
			buildConfigurations = (
				D018E17A1DFF63870086DF02 /* Debug */,
				D018E17B1DFF63870086DF02 /* Release */,
			);
			defaultConfigurationIsVisible = 0;
			defaultConfigurationName = Release;
		};
		D018E17C1DFF63870086DF02 /* Build configuration list for PBXNativeTarget "Mealpass" */ = {
			isa = XCConfigurationList;
			buildConfigurations = (
				D018E17D1DFF63870086DF02 /* Debug */,
				D018E17E1DFF63870086DF02 /* Release */,
			);
			defaultConfigurationIsVisible = 0;
			defaultConfigurationName = Release;
		};
		D018E17F1DFF63870086DF02 /* Build configuration list for PBXNativeTarget "MealpassTests" */ = {
			isa = XCConfigurationList;
			buildConfigurations = (
				D018E1801DFF63870086DF02 /* Debug */,
				D018E1811DFF63870086DF02 /* Release */,
			);
			defaultConfigurationIsVisible = 0;
			defaultConfigurationName = Release;
		};
/* End XCConfigurationList section */
	};
	rootObject = D018E1521DFF63870086DF02 /* Project object */;
}
